<?xml version="1.0" encoding="UTF-8"?>
<CodeBlocks_project_file>
	<FileVersion major="1" minor="6"/>
	<Project>
		<Option title="indie_studio"/>
		<Option makefile_is_custom="1"/>
		<Option compiler="gcc"/>
		<Option virtualFolders="CMake Files\;"/>
		<Build>
			<Target title="all">
				<Option working_dir="/Users/victor/rendu/tek2/C++/LemmingsStudio"/>
				<Option type="4"/>
				<MakeCommands>
					<Build command="/usr/bin/make -j8 -f &quot;/Users/victor/rendu/tek2/C++/LemmingsStudio/Makefile&quot;  VERBOSE=1 all"/>
					<CompileFile command="/usr/bin/make -j8 -f &quot;/Users/victor/rendu/tek2/C++/LemmingsStudio/Makefile&quot;  VERBOSE=1 &quot;$file&quot;"/>
					<Clean command="/usr/bin/make -j8 -f &quot;/Users/victor/rendu/tek2/C++/LemmingsStudio/Makefile&quot;  VERBOSE=1 clean"/>
					<DistClean command="/usr/bin/make -j8 -f &quot;/Users/victor/rendu/tek2/C++/LemmingsStudio/Makefile&quot;  VERBOSE=1 clean"/>
				</MakeCommands>
			</Target>
			<Target title="rebuild_cache">
				<Option working_dir="/Users/victor/rendu/tek2/C++/LemmingsStudio"/>
				<Option type="4"/>
				<MakeCommands>
					<Build command="/usr/bin/make -j8 -f &quot;/Users/victor/rendu/tek2/C++/LemmingsStudio/Makefile&quot;  VERBOSE=1 rebuild_cache"/>
					<CompileFile command="/usr/bin/make -j8 -f &quot;/Users/victor/rendu/tek2/C++/LemmingsStudio/Makefile&quot;  VERBOSE=1 &quot;$file&quot;"/>
					<Clean command="/usr/bin/make -j8 -f &quot;/Users/victor/rendu/tek2/C++/LemmingsStudio/Makefile&quot;  VERBOSE=1 clean"/>
					<DistClean command="/usr/bin/make -j8 -f &quot;/Users/victor/rendu/tek2/C++/LemmingsStudio/Makefile&quot;  VERBOSE=1 clean"/>
				</MakeCommands>
			</Target>
			<Target title="edit_cache">
				<Option working_dir="/Users/victor/rendu/tek2/C++/LemmingsStudio"/>
				<Option type="4"/>
				<MakeCommands>
					<Build command="/usr/bin/make -j8 -f &quot;/Users/victor/rendu/tek2/C++/LemmingsStudio/Makefile&quot;  VERBOSE=1 edit_cache"/>
					<CompileFile command="/usr/bin/make -j8 -f &quot;/Users/victor/rendu/tek2/C++/LemmingsStudio/Makefile&quot;  VERBOSE=1 &quot;$file&quot;"/>
					<Clean command="/usr/bin/make -j8 -f &quot;/Users/victor/rendu/tek2/C++/LemmingsStudio/Makefile&quot;  VERBOSE=1 clean"/>
					<DistClean command="/usr/bin/make -j8 -f &quot;/Users/victor/rendu/tek2/C++/LemmingsStudio/Makefile&quot;  VERBOSE=1 clean"/>
				</MakeCommands>
			</Target>
			<Target title="indie_studio">
				<Option output="/Users/victor/rendu/tek2/C++/LemmingsStudio/indie_studio" prefix_auto="0" extension_auto="0"/>
				<Option working_dir="/Users/victor/rendu/tek2/C++/LemmingsStudio"/>
				<Option object_output="./"/>
				<Option type="1"/>
				<Option compiler="gcc"/>
				<Compiler>
					<Add option="-DMACOSX"/>
					<Add directory="/Users/victor/rendu/tek2/C++/LemmingsStudio/src"/>
					<Add directory="/Users/victor/rendu/tek2/C++/LemmingsStudio/src/Core"/>
					<Add directory="/Users/victor/rendu/tek2/C++/LemmingsStudio/src/FileHandler"/>
					<Add directory="/Users/victor/rendu/tek2/C++/LemmingsStudio/src/Lib3D"/>
					<Add directory="/Users/victor/rendu/tek2/C++/LemmingsStudio/src/Lib3D/Graphic"/>
					<Add directory="/Users/victor/rendu/tek2/C++/LemmingsStudio/src/Lib3D/PhysicsEngine"/>
					<Add directory="/Users/victor/rendu/tek2/C++/LemmingsStudio/src/EventReceiver"/>
					<Add directory="/Users/victor/rendu/tek2/C++/LemmingsStudio/src/Game"/>
					<Add directory="/Users/victor/rendu/tek2/C++/LemmingsStudio/src/Game/GameInfo"/>
					<Add directory="/Users/victor/rendu/tek2/C++/LemmingsStudio/src/Game/Characters"/>
					<Add directory="/Users/victor/rendu/tek2/C++/LemmingsStudio/src/Game/Actions"/>
					<Add directory="/Users/victor/rendu/tek2/C++/LemmingsStudio/src/Exceptions/include"/>
					<Add directory="/Users/victor/rendu/tek2/C++/LemmingsStudio/src/SoundEngine"/>
					<Add directory="/Users/victor/rendu/tek2/C++/LemmingsStudio/src/Game/Map"/>
					<Add directory="/Users/victor/rendu/tek2/C++/LemmingsStudio/src/Game/Map/Level"/>
					<Add directory="/Users/victor/rendu/tek2/C++/LemmingsStudio/src/Game/Map/Resource"/>
					<Add directory="/Users/victor/rendu/tek2/C++/LemmingsStudio/src/Page"/>
					<Add directory="/Users/victor/rendu/tek2/C++/LemmingsStudio/src/Page/Menu"/>
					<Add directory="/Users/victor/rendu/tek2/C++/LemmingsStudio/src/Page/Play"/>
					<Add directory="/Users/victor/rendu/tek2/C++/LemmingsStudio/src/Page/Levels"/>
					<Add directory="/Users/victor/rendu/tek2/C++/LemmingsStudio/src/Page/Settings"/>
					<Add directory="/Users/victor/rendu/tek2/C++/LemmingsStudio/src/Page/Scores"/>
					<Add directory="/Users/victor/rendu/tek2/C++/LemmingsStudio/src/Page/Credits"/>
					<Add directory="/Users/victor/rendu/tek2/C++/LemmingsStudio/include/irrklang"/>
					<Add directory="/usr/local/gcc-7.1/lib/gcc/x86_64-apple-darwin16.6.0/7.1.0/../../../../include/c++/7.1.0"/>
					<Add directory="/usr/local/gcc-7.1/lib/gcc/x86_64-apple-darwin16.6.0/7.1.0/../../../../include/c++/7.1.0/x86_64-apple-darwin16.6.0"/>
					<Add directory="/usr/local/gcc-7.1/lib/gcc/x86_64-apple-darwin16.6.0/7.1.0/../../../../include/c++/7.1.0/backward"/>
					<Add directory="/usr/local/gcc-7.1/lib/gcc/x86_64-apple-darwin16.6.0/7.1.0/include"/>
					<Add directory="/usr/local/include"/>
					<Add directory="/usr/local/gcc-7.1/include"/>
					<Add directory="/usr/local/gcc-7.1/lib/gcc/x86_64-apple-darwin16.6.0/7.1.0/include-fixed"/>
					<Add directory="/usr/include"/>
					<Add directory="/System/Library/Frameworks"/>
					<Add directory="/Library/Frameworks"/>
				</Compiler>
				<MakeCommands>
					<Build command="/usr/bin/make -j8 -f &quot;/Users/victor/rendu/tek2/C++/LemmingsStudio/Makefile&quot;  VERBOSE=1 indie_studio"/>
					<CompileFile command="/usr/bin/make -j8 -f &quot;/Users/victor/rendu/tek2/C++/LemmingsStudio/Makefile&quot;  VERBOSE=1 &quot;$file&quot;"/>
					<Clean command="/usr/bin/make -j8 -f &quot;/Users/victor/rendu/tek2/C++/LemmingsStudio/Makefile&quot;  VERBOSE=1 clean"/>
					<DistClean command="/usr/bin/make -j8 -f &quot;/Users/victor/rendu/tek2/C++/LemmingsStudio/Makefile&quot;  VERBOSE=1 clean"/>
				</MakeCommands>
			</Target>
			<Target title="indie_studio/fast">
				<Option output="/Users/victor/rendu/tek2/C++/LemmingsStudio/indie_studio" prefix_auto="0" extension_auto="0"/>
				<Option working_dir="/Users/victor/rendu/tek2/C++/LemmingsStudio"/>
				<Option object_output="./"/>
				<Option type="1"/>
				<Option compiler="gcc"/>
				<Compiler>
					<Add option="-DMACOSX"/>
					<Add directory="/Users/victor/rendu/tek2/C++/LemmingsStudio/src"/>
					<Add directory="/Users/victor/rendu/tek2/C++/LemmingsStudio/src/Core"/>
					<Add directory="/Users/victor/rendu/tek2/C++/LemmingsStudio/src/FileHandler"/>
					<Add directory="/Users/victor/rendu/tek2/C++/LemmingsStudio/src/Lib3D"/>
					<Add directory="/Users/victor/rendu/tek2/C++/LemmingsStudio/src/Lib3D/Graphic"/>
					<Add directory="/Users/victor/rendu/tek2/C++/LemmingsStudio/src/Lib3D/PhysicsEngine"/>
					<Add directory="/Users/victor/rendu/tek2/C++/LemmingsStudio/src/EventReceiver"/>
					<Add directory="/Users/victor/rendu/tek2/C++/LemmingsStudio/src/Game"/>
					<Add directory="/Users/victor/rendu/tek2/C++/LemmingsStudio/src/Game/GameInfo"/>
					<Add directory="/Users/victor/rendu/tek2/C++/LemmingsStudio/src/Game/Characters"/>
					<Add directory="/Users/victor/rendu/tek2/C++/LemmingsStudio/src/Game/Actions"/>
					<Add directory="/Users/victor/rendu/tek2/C++/LemmingsStudio/src/Exceptions/include"/>
					<Add directory="/Users/victor/rendu/tek2/C++/LemmingsStudio/src/SoundEngine"/>
					<Add directory="/Users/victor/rendu/tek2/C++/LemmingsStudio/src/Game/Map"/>
					<Add directory="/Users/victor/rendu/tek2/C++/LemmingsStudio/src/Game/Map/Level"/>
					<Add directory="/Users/victor/rendu/tek2/C++/LemmingsStudio/src/Game/Map/Resource"/>
					<Add directory="/Users/victor/rendu/tek2/C++/LemmingsStudio/src/Page"/>
					<Add directory="/Users/victor/rendu/tek2/C++/LemmingsStudio/src/Page/Menu"/>
					<Add directory="/Users/victor/rendu/tek2/C++/LemmingsStudio/src/Page/Play"/>
					<Add directory="/Users/victor/rendu/tek2/C++/LemmingsStudio/src/Page/Levels"/>
					<Add directory="/Users/victor/rendu/tek2/C++/LemmingsStudio/src/Page/Settings"/>
					<Add directory="/Users/victor/rendu/tek2/C++/LemmingsStudio/src/Page/Scores"/>
					<Add directory="/Users/victor/rendu/tek2/C++/LemmingsStudio/src/Page/Credits"/>
					<Add directory="/Users/victor/rendu/tek2/C++/LemmingsStudio/include/irrklang"/>
					<Add directory="/usr/local/gcc-7.1/lib/gcc/x86_64-apple-darwin16.6.0/7.1.0/../../../../include/c++/7.1.0"/>
					<Add directory="/usr/local/gcc-7.1/lib/gcc/x86_64-apple-darwin16.6.0/7.1.0/../../../../include/c++/7.1.0/x86_64-apple-darwin16.6.0"/>
					<Add directory="/usr/local/gcc-7.1/lib/gcc/x86_64-apple-darwin16.6.0/7.1.0/../../../../include/c++/7.1.0/backward"/>
					<Add directory="/usr/local/gcc-7.1/lib/gcc/x86_64-apple-darwin16.6.0/7.1.0/include"/>
					<Add directory="/usr/local/include"/>
					<Add directory="/usr/local/gcc-7.1/include"/>
					<Add directory="/usr/local/gcc-7.1/lib/gcc/x86_64-apple-darwin16.6.0/7.1.0/include-fixed"/>
					<Add directory="/usr/include"/>
					<Add directory="/System/Library/Frameworks"/>
					<Add directory="/Library/Frameworks"/>
				</Compiler>
				<MakeCommands>
					<Build command="/usr/bin/make -j8 -f &quot;/Users/victor/rendu/tek2/C++/LemmingsStudio/Makefile&quot;  VERBOSE=1 indie_studio/fast"/>
					<CompileFile command="/usr/bin/make -j8 -f &quot;/Users/victor/rendu/tek2/C++/LemmingsStudio/Makefile&quot;  VERBOSE=1 &quot;$file&quot;"/>
					<Clean command="/usr/bin/make -j8 -f &quot;/Users/victor/rendu/tek2/C++/LemmingsStudio/Makefile&quot;  VERBOSE=1 clean"/>
					<DistClean command="/usr/bin/make -j8 -f &quot;/Users/victor/rendu/tek2/C++/LemmingsStudio/Makefile&quot;  VERBOSE=1 clean"/>
				</MakeCommands>
			</Target>
		</Build>
		<Unit filename="/Users/victor/rendu/tek2/C++/LemmingsStudio/src/Core/Core.cpp">
			<Option target="indie_studio"/>
		</Unit>
		<Unit filename="/Users/victor/rendu/tek2/C++/LemmingsStudio/src/Core/Core.hpp">
			<Option target="indie_studio"/>
		</Unit>
		<Unit filename="/Users/victor/rendu/tek2/C++/LemmingsStudio/src/Core/Init.cpp">
			<Option target="indie_studio"/>
		</Unit>
		<Unit filename="/Users/victor/rendu/tek2/C++/LemmingsStudio/src/EventReceiver/AEventReceiver.cpp">
			<Option target="indie_studio"/>
		</Unit>
		<Unit filename="/Users/victor/rendu/tek2/C++/LemmingsStudio/src/EventReceiver/AEventReceiver.hpp">
			<Option target="indie_studio"/>
		</Unit>
		<Unit filename="/Users/victor/rendu/tek2/C++/LemmingsStudio/src/Exceptions/DataException.cpp">
			<Option target="indie_studio"/>
		</Unit>
		<Unit filename="/Users/victor/rendu/tek2/C++/LemmingsStudio/src/Exceptions/Exception.cpp">
			<Option target="indie_studio"/>
		</Unit>
		<Unit filename="/Users/victor/rendu/tek2/C++/LemmingsStudio/src/Exceptions/FileException.cpp">
			<Option target="indie_studio"/>
		</Unit>
		<Unit filename="/Users/victor/rendu/tek2/C++/LemmingsStudio/src/Exceptions/GraphicException.cpp">
			<Option target="indie_studio"/>
		</Unit>
		<Unit filename="/Users/victor/rendu/tek2/C++/LemmingsStudio/src/Exceptions/SyntaxException.cpp">
			<Option target="indie_studio"/>
		</Unit>
		<Unit filename="/Users/victor/rendu/tek2/C++/LemmingsStudio/src/FileHandler/FileHandler.cpp">
			<Option target="indie_studio"/>
		</Unit>
		<Unit filename="/Users/victor/rendu/tek2/C++/LemmingsStudio/src/FileHandler/FileHandler.hpp">
			<Option target="indie_studio"/>
		</Unit>
		<Unit filename="/Users/victor/rendu/tek2/C++/LemmingsStudio/src/Game/Actions/AAction.cpp">
			<Option target="indie_studio"/>
		</Unit>
		<Unit filename="/Users/victor/rendu/tek2/C++/LemmingsStudio/src/Game/Actions/AAction.hpp">
			<Option target="indie_studio"/>
		</Unit>
		<Unit filename="/Users/victor/rendu/tek2/C++/LemmingsStudio/src/Game/Actions/ActionManager.cpp">
			<Option target="indie_studio"/>
		</Unit>
		<Unit filename="/Users/victor/rendu/tek2/C++/LemmingsStudio/src/Game/Actions/ActionManager.hpp">
			<Option target="indie_studio"/>
		</Unit>
		<Unit filename="/Users/victor/rendu/tek2/C++/LemmingsStudio/src/Game/Actions/Bash.hpp">
			<Option target="indie_studio"/>
		</Unit>
		<Unit filename="/Users/victor/rendu/tek2/C++/LemmingsStudio/src/Game/Actions/Climb.hpp">
			<Option target="indie_studio"/>
		</Unit>
		<Unit filename="/Users/victor/rendu/tek2/C++/LemmingsStudio/src/Game/Actions/Explode.hpp">
			<Option target="indie_studio"/>
		</Unit>
		<Unit filename="/Users/victor/rendu/tek2/C++/LemmingsStudio/src/Game/Actions/Float.hpp">
			<Option target="indie_studio"/>
		</Unit>
		<Unit filename="/Users/victor/rendu/tek2/C++/LemmingsStudio/src/Game/Actions/Stop.hpp">
			<Option target="indie_studio"/>
		</Unit>
		<Unit filename="/Users/victor/rendu/tek2/C++/LemmingsStudio/src/Game/Actions/Walk.hpp">
			<Option target="indie_studio"/>
		</Unit>
		<Unit filename="/Users/victor/rendu/tek2/C++/LemmingsStudio/src/Game/Characters/ACharacter.cpp">
			<Option target="indie_studio"/>
		</Unit>
		<Unit filename="/Users/victor/rendu/tek2/C++/LemmingsStudio/src/Game/Characters/ACharacter.hpp">
			<Option target="indie_studio"/>
		</Unit>
		<Unit filename="/Users/victor/rendu/tek2/C++/LemmingsStudio/src/Game/Characters/Lemming.cpp">
			<Option target="indie_studio"/>
		</Unit>
		<Unit filename="/Users/victor/rendu/tek2/C++/LemmingsStudio/src/Game/Characters/Lemming.hpp">
			<Option target="indie_studio"/>
		</Unit>
		<Unit filename="/Users/victor/rendu/tek2/C++/LemmingsStudio/src/Game/Characters/LemmingManager.cpp">
			<Option target="indie_studio"/>
		</Unit>
		<Unit filename="/Users/victor/rendu/tek2/C++/LemmingsStudio/src/Game/Characters/LemmingManager.hpp">
			<Option target="indie_studio"/>
		</Unit>
		<Unit filename="/Users/victor/rendu/tek2/C++/LemmingsStudio/src/Game/Characters/Lemmings/Basher.cpp">
			<Option target="indie_studio"/>
		</Unit>
		<Unit filename="/Users/victor/rendu/tek2/C++/LemmingsStudio/src/Game/Characters/Lemmings/Climber.cpp">
			<Option target="indie_studio"/>
		</Unit>
		<Unit filename="/Users/victor/rendu/tek2/C++/LemmingsStudio/src/Game/Characters/Lemmings/Dead.cpp">
			<Option target="indie_studio"/>
		</Unit>
		<Unit filename="/Users/victor/rendu/tek2/C++/LemmingsStudio/src/Game/Characters/Lemmings/Exploder.cpp">
			<Option target="indie_studio"/>
		</Unit>
		<Unit filename="/Users/victor/rendu/tek2/C++/LemmingsStudio/src/Game/Characters/Lemmings/Floater.cpp">
			<Option target="indie_studio"/>
		</Unit>
		<Unit filename="/Users/victor/rendu/tek2/C++/LemmingsStudio/src/Game/Characters/Lemmings/Stopper.cpp">
			<Option target="indie_studio"/>
		</Unit>
		<Unit filename="/Users/victor/rendu/tek2/C++/LemmingsStudio/src/Game/Characters/Lemmings/Walker.cpp">
			<Option target="indie_studio"/>
		</Unit>
		<Unit filename="/Users/victor/rendu/tek2/C++/LemmingsStudio/src/Game/Game.cpp">
			<Option target="indie_studio"/>
		</Unit>
		<Unit filename="/Users/victor/rendu/tek2/C++/LemmingsStudio/src/Game/Game.hpp">
			<Option target="indie_studio"/>
		</Unit>
		<Unit filename="/Users/victor/rendu/tek2/C++/LemmingsStudio/src/Game/GameEventReceiver.cpp">
			<Option target="indie_studio"/>
		</Unit>
		<Unit filename="/Users/victor/rendu/tek2/C++/LemmingsStudio/src/Game/GameEventReceiver.hpp">
			<Option target="indie_studio"/>
		</Unit>
		<Unit filename="/Users/victor/rendu/tek2/C++/LemmingsStudio/src/Game/GameInfo/GameInfo.cpp">
			<Option target="indie_studio"/>
		</Unit>
		<Unit filename="/Users/victor/rendu/tek2/C++/LemmingsStudio/src/Game/GameInfo/GameInfo.hpp">
			<Option target="indie_studio"/>
		</Unit>
		<Unit filename="/Users/victor/rendu/tek2/C++/LemmingsStudio/src/Game/Map/ColorShade.h">
			<Option target="indie_studio"/>
		</Unit>
		<Unit filename="/Users/victor/rendu/tek2/C++/LemmingsStudio/src/Game/Map/ColorShadeGen.cpp">
			<Option target="indie_studio"/>
		</Unit>
		<Unit filename="/Users/victor/rendu/tek2/C++/LemmingsStudio/src/Game/Map/ColorShadeGen.hpp">
			<Option target="indie_studio"/>
		</Unit>
		<Unit filename="/Users/victor/rendu/tek2/C++/LemmingsStudio/src/Game/Map/Level/ALevel.cpp">
			<Option target="indie_studio"/>
		</Unit>
		<Unit filename="/Users/victor/rendu/tek2/C++/LemmingsStudio/src/Game/Map/Level/ALevel.hpp">
			<Option target="indie_studio"/>
		</Unit>
		<Unit filename="/Users/victor/rendu/tek2/C++/LemmingsStudio/src/Game/Map/Level/ILevel.hpp">
			<Option target="indie_studio"/>
		</Unit>
		<Unit filename="/Users/victor/rendu/tek2/C++/LemmingsStudio/src/Game/Map/Level/Level1.cpp">
			<Option target="indie_studio"/>
		</Unit>
		<Unit filename="/Users/victor/rendu/tek2/C++/LemmingsStudio/src/Game/Map/Level/Level1.hpp">
			<Option target="indie_studio"/>
		</Unit>
		<Unit filename="/Users/victor/rendu/tek2/C++/LemmingsStudio/src/Game/Map/Level/Level2.cpp">
			<Option target="indie_studio"/>
		</Unit>
		<Unit filename="/Users/victor/rendu/tek2/C++/LemmingsStudio/src/Game/Map/Level/Level2.hpp">
			<Option target="indie_studio"/>
		</Unit>
		<Unit filename="/Users/victor/rendu/tek2/C++/LemmingsStudio/src/Game/Map/Level/Level3.cpp">
			<Option target="indie_studio"/>
		</Unit>
		<Unit filename="/Users/victor/rendu/tek2/C++/LemmingsStudio/src/Game/Map/Level/Level3.hpp">
			<Option target="indie_studio"/>
		</Unit>
		<Unit filename="/Users/victor/rendu/tek2/C++/LemmingsStudio/src/Game/Map/Map.cpp">
			<Option target="indie_studio"/>
		</Unit>
		<Unit filename="/Users/victor/rendu/tek2/C++/LemmingsStudio/src/Game/Map/Map.hpp">
			<Option target="indie_studio"/>
		</Unit>
		<Unit filename="/Users/victor/rendu/tek2/C++/LemmingsStudio/src/Game/Map/Resource/Block.cpp">
			<Option target="indie_studio"/>
		</Unit>
		<Unit filename="/Users/victor/rendu/tek2/C++/LemmingsStudio/src/Game/Map/Resource/Block.hpp">
			<Option target="indie_studio"/>
		</Unit>
		<Unit filename="/Users/victor/rendu/tek2/C++/LemmingsStudio/src/Game/Map/Resource/Particule.cpp">
			<Option target="indie_studio"/>
		</Unit>
		<Unit filename="/Users/victor/rendu/tek2/C++/LemmingsStudio/src/Game/Map/Resource/Particule.hpp">
			<Option target="indie_studio"/>
		</Unit>
		<Unit filename="/Users/victor/rendu/tek2/C++/LemmingsStudio/src/Game/Map/Resource/Platform.cpp">
			<Option target="indie_studio"/>
		</Unit>
		<Unit filename="/Users/victor/rendu/tek2/C++/LemmingsStudio/src/Game/Map/Resource/Platform.hpp">
			<Option target="indie_studio"/>
		</Unit>
		<Unit filename="/Users/victor/rendu/tek2/C++/LemmingsStudio/src/Game/Timer.cpp">
			<Option target="indie_studio"/>
		</Unit>
		<Unit filename="/Users/victor/rendu/tek2/C++/LemmingsStudio/src/Game/Timer.hpp">
			<Option target="indie_studio"/>
		</Unit>
		<Unit filename="/Users/victor/rendu/tek2/C++/LemmingsStudio/src/Lib3D/Graphic/Accessor.cpp">
			<Option target="indie_studio"/>
		</Unit>
		<Unit filename="/Users/victor/rendu/tek2/C++/LemmingsStudio/src/Lib3D/Graphic/Blit.cpp">
			<Option target="indie_studio"/>
		</Unit>
		<Unit filename="/Users/victor/rendu/tek2/C++/LemmingsStudio/src/Lib3D/Graphic/Camera.cpp">
			<Option target="indie_studio"/>
		</Unit>
		<Unit filename="/Users/victor/rendu/tek2/C++/LemmingsStudio/src/Lib3D/Graphic/Camera.hpp">
			<Option target="indie_studio"/>
		</Unit>
		<Unit filename="/Users/victor/rendu/tek2/C++/LemmingsStudio/src/Lib3D/Graphic/Display.cpp">
			<Option target="indie_studio"/>
		</Unit>
		<Unit filename="/Users/victor/rendu/tek2/C++/LemmingsStudio/src/Lib3D/Graphic/Graphic.hpp">
			<Option target="indie_studio"/>
		</Unit>
		<Unit filename="/Users/victor/rendu/tek2/C++/LemmingsStudio/src/Lib3D/Graphic/Init.cpp">
			<Option target="indie_studio"/>
		</Unit>
		<Unit filename="/Users/victor/rendu/tek2/C++/LemmingsStudio/src/Lib3D/Graphic/Misc.cpp">
			<Option target="indie_studio"/>
		</Unit>
		<Unit filename="/Users/victor/rendu/tek2/C++/LemmingsStudio/src/Lib3D/Lib3D.cpp">
			<Option target="indie_studio"/>
		</Unit>
		<Unit filename="/Users/victor/rendu/tek2/C++/LemmingsStudio/src/Lib3D/Lib3D.hpp">
			<Option target="indie_studio"/>
		</Unit>
		<Unit filename="/Users/victor/rendu/tek2/C++/LemmingsStudio/src/Lib3D/PhysicsEngine/Collisions.cpp">
			<Option target="indie_studio"/>
		</Unit>
		<Unit filename="/Users/victor/rendu/tek2/C++/LemmingsStudio/src/Lib3D/PhysicsEngine/Collisions.hpp">
			<Option target="indie_studio"/>
		</Unit>
		<Unit filename="/Users/victor/rendu/tek2/C++/LemmingsStudio/src/Lib3D/irrlicht.hpp">
			<Option target="indie_studio"/>
		</Unit>
		<Unit filename="/Users/victor/rendu/tek2/C++/LemmingsStudio/src/Node.cpp">
			<Option target="indie_studio"/>
		</Unit>
		<Unit filename="/Users/victor/rendu/tek2/C++/LemmingsStudio/src/Node.hpp">
			<Option target="indie_studio"/>
		</Unit>
		<Unit filename="/Users/victor/rendu/tek2/C++/LemmingsStudio/src/Page/APage.cpp">
			<Option target="indie_studio"/>
		</Unit>
		<Unit filename="/Users/victor/rendu/tek2/C++/LemmingsStudio/src/Page/APage.hpp">
			<Option target="indie_studio"/>
		</Unit>
		<Unit filename="/Users/victor/rendu/tek2/C++/LemmingsStudio/src/Page/Levels/Levels.cpp">
			<Option target="indie_studio"/>
		</Unit>
		<Unit filename="/Users/victor/rendu/tek2/C++/LemmingsStudio/src/Page/Levels/Levels.hpp">
			<Option target="indie_studio"/>
		</Unit>
		<Unit filename="/Users/victor/rendu/tek2/C++/LemmingsStudio/src/Page/Levels/LevelsEventReceiver.cpp">
			<Option target="indie_studio"/>
		</Unit>
		<Unit filename="/Users/victor/rendu/tek2/C++/LemmingsStudio/src/Page/Levels/LevelsEventReceiver.hpp">
			<Option target="indie_studio"/>
		</Unit>
		<Unit filename="/Users/victor/rendu/tek2/C++/LemmingsStudio/src/Page/Menu/Menu.cpp">
			<Option target="indie_studio"/>
		</Unit>
		<Unit filename="/Users/victor/rendu/tek2/C++/LemmingsStudio/src/Page/Menu/Menu.hpp">
			<Option target="indie_studio"/>
		</Unit>
		<Unit filename="/Users/victor/rendu/tek2/C++/LemmingsStudio/src/Page/Menu/MenuEventReceiver.cpp">
			<Option target="indie_studio"/>
		</Unit>
		<Unit filename="/Users/victor/rendu/tek2/C++/LemmingsStudio/src/Page/Menu/MenuEventReceiver.hpp">
			<Option target="indie_studio"/>
		</Unit>
		<Unit filename="/Users/victor/rendu/tek2/C++/LemmingsStudio/src/Page/Play/Play.cpp">
			<Option target="indie_studio"/>
		</Unit>
		<Unit filename="/Users/victor/rendu/tek2/C++/LemmingsStudio/src/Page/Play/Play.hpp">
			<Option target="indie_studio"/>
		</Unit>
		<Unit filename="/Users/victor/rendu/tek2/C++/LemmingsStudio/src/Page/Scores/Scores.cpp">
			<Option target="indie_studio"/>
		</Unit>
		<Unit filename="/Users/victor/rendu/tek2/C++/LemmingsStudio/src/Page/Scores/Scores.hpp">
			<Option target="indie_studio"/>
		</Unit>
		<Unit filename="/Users/victor/rendu/tek2/C++/LemmingsStudio/src/Page/Scores/ScoresEventReceiver.cpp">
			<Option target="indie_studio"/>
		</Unit>
		<Unit filename="/Users/victor/rendu/tek2/C++/LemmingsStudio/src/Page/Scores/ScoresEventReceiver.hpp">
			<Option target="indie_studio"/>
		</Unit>
		<Unit filename="/Users/victor/rendu/tek2/C++/LemmingsStudio/src/Page/Settings/Settings.cpp">
			<Option target="indie_studio"/>
		</Unit>
		<Unit filename="/Users/victor/rendu/tek2/C++/LemmingsStudio/src/Page/Settings/Settings.hpp">
			<Option target="indie_studio"/>
		</Unit>
		<Unit filename="/Users/victor/rendu/tek2/C++/LemmingsStudio/src/Page/Settings/SettingsEventReceiver.cpp">
			<Option target="indie_studio"/>
		</Unit>
		<Unit filename="/Users/victor/rendu/tek2/C++/LemmingsStudio/src/Page/Settings/SettingsEventReceiver.hpp">
			<Option target="indie_studio"/>
		</Unit>
		<Unit filename="/Users/victor/rendu/tek2/C++/LemmingsStudio/src/SoundEngine/SoundEngine.cpp">
			<Option target="indie_studio"/>
		</Unit>
		<Unit filename="/Users/victor/rendu/tek2/C++/LemmingsStudio/src/SoundEngine/SoundEngine.hpp">
			<Option target="indie_studio"/>
		</Unit>
		<Unit filename="/Users/victor/rendu/tek2/C++/LemmingsStudio/src/main.cpp">
			<Option target="indie_studio"/>
		</Unit>
		<Unit filename="/Users/victor/rendu/tek2/C++/LemmingsStudio/src/standards.cpp">
			<Option target="indie_studio"/>
		</Unit>
		<Unit filename="/Users/victor/rendu/tek2/C++/LemmingsStudio/src/standards.hpp">
			<Option target="indie_studio"/>
		</Unit>
		<Unit filename="/Users/victor/rendu/tek2/C++/LemmingsStudio/CMakeLists.txt">
			<Option virtualFolder="CMake Files\"/>
		</Unit>
	</Project>
</CodeBlocks_project_file>
